// !$*UTF8*$!
{
	archiveVersion = 1;
	classes = {
	};
	objectVersion = 56;
	objects = {

/* Begin PBXBuildFile section */
		5608FCA629FBFC8900A46B7A /* HistoryDataPresenter.swift in Sources */ = {isa = PBXBuildFile; fileRef = 5608FCA029FBFC8900A46B7A /* HistoryDataPresenter.swift */; };
		5608FCA729FBFC8900A46B7A /* HistoryDataDataStore.swift in Sources */ = {isa = PBXBuildFile; fileRef = 5608FCA129FBFC8900A46B7A /* HistoryDataDataStore.swift */; };
		5608FCA829FBFC8900A46B7A /* HistoryDataInteractor.swift in Sources */ = {isa = PBXBuildFile; fileRef = 5608FCA229FBFC8900A46B7A /* HistoryDataInteractor.swift */; };
		5608FCA929FBFC8900A46B7A /* HistoryDataView.swift in Sources */ = {isa = PBXBuildFile; fileRef = 5608FCA329FBFC8900A46B7A /* HistoryDataView.swift */; };
		5608FCAA29FBFC8900A46B7A /* HistoryDataModel.swift in Sources */ = {isa = PBXBuildFile; fileRef = 5608FCA429FBFC8900A46B7A /* HistoryDataModel.swift */; };
		5608FCAB29FBFC8900A46B7A /* HistoryDataConfigurator.swift in Sources */ = {isa = PBXBuildFile; fileRef = 5608FCA529FBFC8900A46B7A /* HistoryDataConfigurator.swift */; };
		5608FCAF29FC4E2A00A46B7A /* baby_daddy.json in Resources */ = {isa = PBXBuildFile; fileRef = 5608FCAE29FC4E2900A46B7A /* baby_daddy.json */; };
		5615F89C2A197992004B30D8 /* GoogleMobileAds in Frameworks */ = {isa = PBXBuildFile; productRef = 5615F89B2A197992004B30D8 /* GoogleMobileAds */; };
		561C56D129E9FEA200E84508 /* BirthCalculationPresenter.swift in Sources */ = {isa = PBXBuildFile; fileRef = 561C56CB29E9FEA200E84508 /* BirthCalculationPresenter.swift */; };
		561C56D229E9FEA200E84508 /* BirthCalculationDataStore.swift in Sources */ = {isa = PBXBuildFile; fileRef = 561C56CC29E9FEA200E84508 /* BirthCalculationDataStore.swift */; };
		561C56D329E9FEA200E84508 /* BirthCalculationInteractor.swift in Sources */ = {isa = PBXBuildFile; fileRef = 561C56CD29E9FEA200E84508 /* BirthCalculationInteractor.swift */; };
		561C56D429E9FEA200E84508 /* BirthCalculationView.swift in Sources */ = {isa = PBXBuildFile; fileRef = 561C56CE29E9FEA200E84508 /* BirthCalculationView.swift */; };
		561C56D529E9FEA200E84508 /* BirthCalculationModel.swift in Sources */ = {isa = PBXBuildFile; fileRef = 561C56CF29E9FEA200E84508 /* BirthCalculationModel.swift */; };
		561C56D629E9FEA200E84508 /* BirthCalculationConfigurator.swift in Sources */ = {isa = PBXBuildFile; fileRef = 561C56D029E9FEA200E84508 /* BirthCalculationConfigurator.swift */; };
		562FC40529EF52D800D5C6E9 /* Colors.swift in Sources */ = {isa = PBXBuildFile; fileRef = 562FC40429EF52D800D5C6E9 /* Colors.swift */; };
		562FC40B29F0164200D5C6E9 /* baby_mom.json in Resources */ = {isa = PBXBuildFile; fileRef = 562FC40A29F0164200D5C6E9 /* baby_mom.json */; };
		5652C29C2A0FF70C0013FFAF /* Calculus.swift in Sources */ = {isa = PBXBuildFile; fileRef = 5652C29B2A0FF70C0013FFAF /* Calculus.swift */; };
		5652C29D2A0FF72C0013FFAF /* Calculus.swift in Sources */ = {isa = PBXBuildFile; fileRef = 5652C29B2A0FF70C0013FFAF /* Calculus.swift */; };
		5652C29E2A0FF82B0013FFAF /* PentagonShape.swift in Sources */ = {isa = PBXBuildFile; fileRef = 56BDD1EE29F5D021004FF71F /* PentagonShape.swift */; };
		5652C29F2A0FF8620013FFAF /* Colors.swift in Sources */ = {isa = PBXBuildFile; fileRef = 562FC40429EF52D800D5C6E9 /* Colors.swift */; };
		5652C2A02A0FF9050013FFAF /* CardView.swift in Sources */ = {isa = PBXBuildFile; fileRef = 56605C9929FEE24D003B1BC4 /* CardView.swift */; };
		565E8AFF2A0FF401005904CD /* WidgetKit.framework in Frameworks */ = {isa = PBXBuildFile; fileRef = 565E8AFE2A0FF401005904CD /* WidgetKit.framework */; };
		565E8B012A0FF401005904CD /* SwiftUI.framework in Frameworks */ = {isa = PBXBuildFile; fileRef = 565E8B002A0FF401005904CD /* SwiftUI.framework */; };
		565E8B042A0FF401005904CD /* CegonhaAdiantadaWidgetBundle.swift in Sources */ = {isa = PBXBuildFile; fileRef = 565E8B032A0FF401005904CD /* CegonhaAdiantadaWidgetBundle.swift */; };
		565E8B062A0FF401005904CD /* CegonhaAdiantadaWidget.swift in Sources */ = {isa = PBXBuildFile; fileRef = 565E8B052A0FF401005904CD /* CegonhaAdiantadaWidget.swift */; };
		565E8B082A0FF403005904CD /* Assets.xcassets in Resources */ = {isa = PBXBuildFile; fileRef = 565E8B072A0FF403005904CD /* Assets.xcassets */; };
		565E8B0C2A0FF403005904CD /* CegonhaAdiantadaWidgetExtension.appex in Embed Foundation Extensions */ = {isa = PBXBuildFile; fileRef = 565E8AFD2A0FF401005904CD /* CegonhaAdiantadaWidgetExtension.appex */; settings = {ATTRIBUTES = (RemoveHeadersOnCopy, ); }; };
		565E8B122A0FF435005904CD /* InfiniteLoop in Frameworks */ = {isa = PBXBuildFile; productRef = 565E8B112A0FF435005904CD /* InfiniteLoop */; };
		565E8B172A0FF56B005904CD /* CegonhaAdiantadaProvider.swift in Sources */ = {isa = PBXBuildFile; fileRef = 565E8B152A0FF4E4005904CD /* CegonhaAdiantadaProvider.swift */; };
		565E8B1A2A0FF5A5005904CD /* CegonhaAdiantadaWidgetEntryView.swift in Sources */ = {isa = PBXBuildFile; fileRef = 565E8B182A0FF5A0005904CD /* CegonhaAdiantadaWidgetEntryView.swift */; };
		56605C9A29FEE24D003B1BC4 /* CardView.swift in Sources */ = {isa = PBXBuildFile; fileRef = 56605C9929FEE24D003B1BC4 /* CardView.swift */; };
		56605C9C2A0003CB003B1BC4 /* ScrollWithBackgroundView.swift in Sources */ = {isa = PBXBuildFile; fileRef = 56605C9B2A0003CB003B1BC4 /* ScrollWithBackgroundView.swift */; };
		56605C9E2A000C2E003B1BC4 /* empty_view_secondary.json in Resources */ = {isa = PBXBuildFile; fileRef = 56605C9D2A000C2E003B1BC4 /* empty_view_secondary.json */; };
		56605CA02A000EFC003B1BC4 /* EmptyListView.swift in Sources */ = {isa = PBXBuildFile; fileRef = 56605C9F2A000EFC003B1BC4 /* EmptyListView.swift */; };
		56605CA82A012DAD003B1BC4 /* SavesPresenter.swift in Sources */ = {isa = PBXBuildFile; fileRef = 56605CA22A012DAD003B1BC4 /* SavesPresenter.swift */; };
		56605CA92A012DAD003B1BC4 /* SavesDataStore.swift in Sources */ = {isa = PBXBuildFile; fileRef = 56605CA32A012DAD003B1BC4 /* SavesDataStore.swift */; };
		56605CAA2A012DAD003B1BC4 /* SavesInteractor.swift in Sources */ = {isa = PBXBuildFile; fileRef = 56605CA42A012DAD003B1BC4 /* SavesInteractor.swift */; };
		56605CAB2A012DAD003B1BC4 /* SavesView.swift in Sources */ = {isa = PBXBuildFile; fileRef = 56605CA52A012DAD003B1BC4 /* SavesView.swift */; };
		56605CAC2A012DAD003B1BC4 /* SavesModel.swift in Sources */ = {isa = PBXBuildFile; fileRef = 56605CA62A012DAD003B1BC4 /* SavesModel.swift */; };
		56605CAD2A012DAD003B1BC4 /* SavesConfigurator.swift in Sources */ = {isa = PBXBuildFile; fileRef = 56605CA72A012DAD003B1BC4 /* SavesConfigurator.swift */; };
		56605CB52A012DED003B1BC4 /* ConfigurationPresenter.swift in Sources */ = {isa = PBXBuildFile; fileRef = 56605CAF2A012DED003B1BC4 /* ConfigurationPresenter.swift */; };
		56605CB62A012DED003B1BC4 /* ConfigurationDataStore.swift in Sources */ = {isa = PBXBuildFile; fileRef = 56605CB02A012DED003B1BC4 /* ConfigurationDataStore.swift */; };
		56605CB72A012DED003B1BC4 /* ConfigurationInteractor.swift in Sources */ = {isa = PBXBuildFile; fileRef = 56605CB12A012DED003B1BC4 /* ConfigurationInteractor.swift */; };
		56605CB82A012DED003B1BC4 /* ConfigurationView.swift in Sources */ = {isa = PBXBuildFile; fileRef = 56605CB22A012DED003B1BC4 /* ConfigurationView.swift */; };
		56605CB92A012DED003B1BC4 /* ConfigurationModel.swift in Sources */ = {isa = PBXBuildFile; fileRef = 56605CB32A012DED003B1BC4 /* ConfigurationModel.swift */; };
		56605CBA2A012DED003B1BC4 /* ConfigurationConfigurator.swift in Sources */ = {isa = PBXBuildFile; fileRef = 56605CB42A012DED003B1BC4 /* ConfigurationConfigurator.swift */; };
		56605CBC2A013217003B1BC4 /* empty_view_quaternary.json in Resources */ = {isa = PBXBuildFile; fileRef = 56605CBB2A013217003B1BC4 /* empty_view_quaternary.json */; };
		56605CBE2A01764F003B1BC4 /* caring_mom.json in Resources */ = {isa = PBXBuildFile; fileRef = 56605CBD2A01764F003B1BC4 /* caring_mom.json */; };
		56811B3C2A097290006AD3D4 /* SavePopUpView.swift in Sources */ = {isa = PBXBuildFile; fileRef = 56811B3B2A097290006AD3D4 /* SavePopUpView.swift */; };
		56AA83E029EF4C540049ABB2 /* Lottie in Frameworks */ = {isa = PBXBuildFile; productRef = 56AA83DF29EF4C540049ABB2 /* Lottie */; };
		56AA83E629EF4E4C0049ABB2 /* LottieFiles.swift in Sources */ = {isa = PBXBuildFile; fileRef = 56AA83E529EF4E4C0049ABB2 /* LottieFiles.swift */; };
		56BDD1ED29F5CFE9004FF71F /* GradientTextFieldBackground.swift in Sources */ = {isa = PBXBuildFile; fileRef = 56BDD1EC29F5CFE9004FF71F /* GradientTextFieldBackground.swift */; };
		56BDD1EF29F5D021004FF71F /* PentagonShape.swift in Sources */ = {isa = PBXBuildFile; fileRef = 56BDD1EE29F5D021004FF71F /* PentagonShape.swift */; };
		56BDD1F129F5D071004FF71F /* LottieView.swift in Sources */ = {isa = PBXBuildFile; fileRef = 56BDD1F029F5D071004FF71F /* LottieView.swift */; };
		56BDD1F429F5D18C004FF71F /* PopupView in Frameworks */ = {isa = PBXBuildFile; productRef = 56BDD1F329F5D18C004FF71F /* PopupView */; };
		56BDD1F729F5D335004FF71F /* ResultPopUpView.swift in Sources */ = {isa = PBXBuildFile; fileRef = 56BDD1F629F5D335004FF71F /* ResultPopUpView.swift */; };
		56BDD1F929F5D71C004FF71F /* stork_baby.json in Resources */ = {isa = PBXBuildFile; fileRef = 56BDD1F829F5D71C004FF71F /* stork_baby.json */; };
		56BDD1FB29F6AA3A004FF71F /* TabBarView.swift in Sources */ = {isa = PBXBuildFile; fileRef = 56BDD1FA29F6AA3A004FF71F /* TabBarView.swift */; };
		56BDD1FE29F72E13004FF71F /* MainView.swift in Sources */ = {isa = PBXBuildFile; fileRef = 56BDD1FD29F72E13004FF71F /* MainView.swift */; };
		56FAED0B29E763E500022043 /* CegonhaAdiantadaApp.swift in Sources */ = {isa = PBXBuildFile; fileRef = 56FAED0A29E763E500022043 /* CegonhaAdiantadaApp.swift */; };
		56FAED0F29E763E600022043 /* Assets.xcassets in Resources */ = {isa = PBXBuildFile; fileRef = 56FAED0E29E763E600022043 /* Assets.xcassets */; };
		56FAED1229E763E600022043 /* Preview Assets.xcassets in Resources */ = {isa = PBXBuildFile; fileRef = 56FAED1129E763E600022043 /* Preview Assets.xcassets */; };
		56FAED1429E763E600022043 /* Persistence.swift in Sources */ = {isa = PBXBuildFile; fileRef = 56FAED1329E763E600022043 /* Persistence.swift */; };
		56FAED1729E763E600022043 /* CegonhaAdiantada.xcdatamodeld in Sources */ = {isa = PBXBuildFile; fileRef = 56FAED1529E763E600022043 /* CegonhaAdiantada.xcdatamodeld */; };
		56FAED2229E763E600022043 /* CegonhaAdiantadaTests.swift in Sources */ = {isa = PBXBuildFile; fileRef = 56FAED2129E763E600022043 /* CegonhaAdiantadaTests.swift */; };
		56FAED2C29E763E600022043 /* CegonhaAdiantadaUITests.swift in Sources */ = {isa = PBXBuildFile; fileRef = 56FAED2B29E763E600022043 /* CegonhaAdiantadaUITests.swift */; };
		56FAED2E29E763E600022043 /* CegonhaAdiantadaUITestsLaunchTests.swift in Sources */ = {isa = PBXBuildFile; fileRef = 56FAED2D29E763E600022043 /* CegonhaAdiantadaUITestsLaunchTests.swift */; };
		56FE443B29EB4C20007448B9 /* InfiniteLoop in Frameworks */ = {isa = PBXBuildFile; productRef = 56FE443A29EB4C20007448B9 /* InfiniteLoop */; };
/* End PBXBuildFile section */

/* Begin PBXContainerItemProxy section */
		565E8B0A2A0FF403005904CD /* PBXContainerItemProxy */ = {
			isa = PBXContainerItemProxy;
			containerPortal = 56FAECFF29E763E500022043 /* Project object */;
			proxyType = 1;
			remoteGlobalIDString = 565E8AFC2A0FF401005904CD;
			remoteInfo = CegonhaAdiantadaWidgetExtension;
		};
		56FAED1E29E763E600022043 /* PBXContainerItemProxy */ = {
			isa = PBXContainerItemProxy;
			containerPortal = 56FAECFF29E763E500022043 /* Project object */;
			proxyType = 1;
			remoteGlobalIDString = 56FAED0629E763E500022043;
			remoteInfo = CegonhaAdiantada;
		};
		56FAED2829E763E600022043 /* PBXContainerItemProxy */ = {
			isa = PBXContainerItemProxy;
			containerPortal = 56FAECFF29E763E500022043 /* Project object */;
			proxyType = 1;
			remoteGlobalIDString = 56FAED0629E763E500022043;
			remoteInfo = CegonhaAdiantada;
		};
/* End PBXContainerItemProxy section */

/* Begin PBXCopyFilesBuildPhase section */
		565E8B0D2A0FF403005904CD /* Embed Foundation Extensions */ = {
			isa = PBXCopyFilesBuildPhase;
			buildActionMask = 2147483647;
			dstPath = "";
			dstSubfolderSpec = 13;
			files = (
				565E8B0C2A0FF403005904CD /* CegonhaAdiantadaWidgetExtension.appex in Embed Foundation Extensions */,
			);
			name = "Embed Foundation Extensions";
			runOnlyForDeploymentPostprocessing = 0;
		};
/* End PBXCopyFilesBuildPhase section */

/* Begin PBXFileReference section */
		5608FCA029FBFC8900A46B7A /* HistoryDataPresenter.swift */ = {isa = PBXFileReference; lastKnownFileType = sourcecode.swift; path = HistoryDataPresenter.swift; sourceTree = "<group>"; };
		5608FCA129FBFC8900A46B7A /* HistoryDataDataStore.swift */ = {isa = PBXFileReference; lastKnownFileType = sourcecode.swift; path = HistoryDataDataStore.swift; sourceTree = "<group>"; };
		5608FCA229FBFC8900A46B7A /* HistoryDataInteractor.swift */ = {isa = PBXFileReference; lastKnownFileType = sourcecode.swift; path = HistoryDataInteractor.swift; sourceTree = "<group>"; };
		5608FCA329FBFC8900A46B7A /* HistoryDataView.swift */ = {isa = PBXFileReference; lastKnownFileType = sourcecode.swift; path = HistoryDataView.swift; sourceTree = "<group>"; };
		5608FCA429FBFC8900A46B7A /* HistoryDataModel.swift */ = {isa = PBXFileReference; lastKnownFileType = sourcecode.swift; path = HistoryDataModel.swift; sourceTree = "<group>"; };
		5608FCA529FBFC8900A46B7A /* HistoryDataConfigurator.swift */ = {isa = PBXFileReference; lastKnownFileType = sourcecode.swift; path = HistoryDataConfigurator.swift; sourceTree = "<group>"; };
		5608FCAE29FC4E2900A46B7A /* baby_daddy.json */ = {isa = PBXFileReference; fileEncoding = 4; lastKnownFileType = text.json; path = baby_daddy.json; sourceTree = "<group>"; };
		561C56CB29E9FEA200E84508 /* BirthCalculationPresenter.swift */ = {isa = PBXFileReference; lastKnownFileType = sourcecode.swift; path = BirthCalculationPresenter.swift; sourceTree = "<group>"; };
		561C56CC29E9FEA200E84508 /* BirthCalculationDataStore.swift */ = {isa = PBXFileReference; lastKnownFileType = sourcecode.swift; path = BirthCalculationDataStore.swift; sourceTree = "<group>"; };
		561C56CD29E9FEA200E84508 /* BirthCalculationInteractor.swift */ = {isa = PBXFileReference; lastKnownFileType = sourcecode.swift; path = BirthCalculationInteractor.swift; sourceTree = "<group>"; };
		561C56CE29E9FEA200E84508 /* BirthCalculationView.swift */ = {isa = PBXFileReference; lastKnownFileType = sourcecode.swift; path = BirthCalculationView.swift; sourceTree = "<group>"; };
		561C56CF29E9FEA200E84508 /* BirthCalculationModel.swift */ = {isa = PBXFileReference; lastKnownFileType = sourcecode.swift; path = BirthCalculationModel.swift; sourceTree = "<group>"; };
		561C56D029E9FEA200E84508 /* BirthCalculationConfigurator.swift */ = {isa = PBXFileReference; lastKnownFileType = sourcecode.swift; path = BirthCalculationConfigurator.swift; sourceTree = "<group>"; };
		562FC40429EF52D800D5C6E9 /* Colors.swift */ = {isa = PBXFileReference; lastKnownFileType = sourcecode.swift; path = Colors.swift; sourceTree = "<group>"; };
		562FC40A29F0164200D5C6E9 /* baby_mom.json */ = {isa = PBXFileReference; fileEncoding = 4; lastKnownFileType = text.json; path = baby_mom.json; sourceTree = "<group>"; };
		5652C29B2A0FF70C0013FFAF /* Calculus.swift */ = {isa = PBXFileReference; fileEncoding = 4; lastKnownFileType = sourcecode.swift; path = Calculus.swift; sourceTree = "<group>"; };
		565E8AFD2A0FF401005904CD /* CegonhaAdiantadaWidgetExtension.appex */ = {isa = PBXFileReference; explicitFileType = "wrapper.app-extension"; includeInIndex = 0; path = CegonhaAdiantadaWidgetExtension.appex; sourceTree = BUILT_PRODUCTS_DIR; };
		565E8AFE2A0FF401005904CD /* WidgetKit.framework */ = {isa = PBXFileReference; lastKnownFileType = wrapper.framework; name = WidgetKit.framework; path = System/Library/Frameworks/WidgetKit.framework; sourceTree = SDKROOT; };
		565E8B002A0FF401005904CD /* SwiftUI.framework */ = {isa = PBXFileReference; lastKnownFileType = wrapper.framework; name = SwiftUI.framework; path = System/Library/Frameworks/SwiftUI.framework; sourceTree = SDKROOT; };
		565E8B032A0FF401005904CD /* CegonhaAdiantadaWidgetBundle.swift */ = {isa = PBXFileReference; lastKnownFileType = sourcecode.swift; path = CegonhaAdiantadaWidgetBundle.swift; sourceTree = "<group>"; };
		565E8B052A0FF401005904CD /* CegonhaAdiantadaWidget.swift */ = {isa = PBXFileReference; lastKnownFileType = sourcecode.swift; path = CegonhaAdiantadaWidget.swift; sourceTree = "<group>"; };
		565E8B072A0FF403005904CD /* Assets.xcassets */ = {isa = PBXFileReference; lastKnownFileType = folder.assetcatalog; path = Assets.xcassets; sourceTree = "<group>"; };
		565E8B092A0FF403005904CD /* Info.plist */ = {isa = PBXFileReference; lastKnownFileType = text.plist.xml; path = Info.plist; sourceTree = "<group>"; };
		565E8B132A0FF44A005904CD /* CegonhaAdiantada.entitlements */ = {isa = PBXFileReference; lastKnownFileType = text.plist.entitlements; path = CegonhaAdiantada.entitlements; sourceTree = "<group>"; };
		565E8B142A0FF46D005904CD /* CegonhaAdiantadaWidgetExtension.entitlements */ = {isa = PBXFileReference; lastKnownFileType = text.plist.entitlements; path = CegonhaAdiantadaWidgetExtension.entitlements; sourceTree = "<group>"; };
		565E8B152A0FF4E4005904CD /* CegonhaAdiantadaProvider.swift */ = {isa = PBXFileReference; lastKnownFileType = sourcecode.swift; path = CegonhaAdiantadaProvider.swift; sourceTree = "<group>"; };
		565E8B182A0FF5A0005904CD /* CegonhaAdiantadaWidgetEntryView.swift */ = {isa = PBXFileReference; lastKnownFileType = sourcecode.swift; path = CegonhaAdiantadaWidgetEntryView.swift; sourceTree = "<group>"; };
		56605C9929FEE24D003B1BC4 /* CardView.swift */ = {isa = PBXFileReference; lastKnownFileType = sourcecode.swift; path = CardView.swift; sourceTree = "<group>"; };
		56605C9B2A0003CB003B1BC4 /* ScrollWithBackgroundView.swift */ = {isa = PBXFileReference; lastKnownFileType = sourcecode.swift; path = ScrollWithBackgroundView.swift; sourceTree = "<group>"; };
		56605C9D2A000C2E003B1BC4 /* empty_view_secondary.json */ = {isa = PBXFileReference; fileEncoding = 4; lastKnownFileType = text.json; path = empty_view_secondary.json; sourceTree = "<group>"; };
		56605C9F2A000EFC003B1BC4 /* EmptyListView.swift */ = {isa = PBXFileReference; lastKnownFileType = sourcecode.swift; path = EmptyListView.swift; sourceTree = "<group>"; };
		56605CA22A012DAD003B1BC4 /* SavesPresenter.swift */ = {isa = PBXFileReference; lastKnownFileType = sourcecode.swift; path = SavesPresenter.swift; sourceTree = "<group>"; };
		56605CA32A012DAD003B1BC4 /* SavesDataStore.swift */ = {isa = PBXFileReference; lastKnownFileType = sourcecode.swift; path = SavesDataStore.swift; sourceTree = "<group>"; };
		56605CA42A012DAD003B1BC4 /* SavesInteractor.swift */ = {isa = PBXFileReference; lastKnownFileType = sourcecode.swift; path = SavesInteractor.swift; sourceTree = "<group>"; };
		56605CA52A012DAD003B1BC4 /* SavesView.swift */ = {isa = PBXFileReference; lastKnownFileType = sourcecode.swift; path = SavesView.swift; sourceTree = "<group>"; };
		56605CA62A012DAD003B1BC4 /* SavesModel.swift */ = {isa = PBXFileReference; lastKnownFileType = sourcecode.swift; path = SavesModel.swift; sourceTree = "<group>"; };
		56605CA72A012DAD003B1BC4 /* SavesConfigurator.swift */ = {isa = PBXFileReference; lastKnownFileType = sourcecode.swift; path = SavesConfigurator.swift; sourceTree = "<group>"; };
		56605CAF2A012DED003B1BC4 /* ConfigurationPresenter.swift */ = {isa = PBXFileReference; lastKnownFileType = sourcecode.swift; path = ConfigurationPresenter.swift; sourceTree = "<group>"; };
		56605CB02A012DED003B1BC4 /* ConfigurationDataStore.swift */ = {isa = PBXFileReference; lastKnownFileType = sourcecode.swift; path = ConfigurationDataStore.swift; sourceTree = "<group>"; };
		56605CB12A012DED003B1BC4 /* ConfigurationInteractor.swift */ = {isa = PBXFileReference; lastKnownFileType = sourcecode.swift; path = ConfigurationInteractor.swift; sourceTree = "<group>"; };
		56605CB22A012DED003B1BC4 /* ConfigurationView.swift */ = {isa = PBXFileReference; lastKnownFileType = sourcecode.swift; path = ConfigurationView.swift; sourceTree = "<group>"; };
		56605CB32A012DED003B1BC4 /* ConfigurationModel.swift */ = {isa = PBXFileReference; lastKnownFileType = sourcecode.swift; path = ConfigurationModel.swift; sourceTree = "<group>"; };
		56605CB42A012DED003B1BC4 /* ConfigurationConfigurator.swift */ = {isa = PBXFileReference; lastKnownFileType = sourcecode.swift; path = ConfigurationConfigurator.swift; sourceTree = "<group>"; };
		56605CBB2A013217003B1BC4 /* empty_view_quaternary.json */ = {isa = PBXFileReference; fileEncoding = 4; lastKnownFileType = text.json; path = empty_view_quaternary.json; sourceTree = "<group>"; };
		56605CBD2A01764F003B1BC4 /* caring_mom.json */ = {isa = PBXFileReference; fileEncoding = 4; lastKnownFileType = text.json; path = caring_mom.json; sourceTree = "<group>"; };
		56811B3B2A097290006AD3D4 /* SavePopUpView.swift */ = {isa = PBXFileReference; lastKnownFileType = sourcecode.swift; path = SavePopUpView.swift; sourceTree = "<group>"; };
		56AA83E529EF4E4C0049ABB2 /* LottieFiles.swift */ = {isa = PBXFileReference; lastKnownFileType = sourcecode.swift; path = LottieFiles.swift; sourceTree = "<group>"; };
		56BDD1EC29F5CFE9004FF71F /* GradientTextFieldBackground.swift */ = {isa = PBXFileReference; fileEncoding = 4; lastKnownFileType = sourcecode.swift; path = GradientTextFieldBackground.swift; sourceTree = "<group>"; };
		56BDD1EE29F5D021004FF71F /* PentagonShape.swift */ = {isa = PBXFileReference; lastKnownFileType = sourcecode.swift; path = PentagonShape.swift; sourceTree = "<group>"; };
		56BDD1F029F5D071004FF71F /* LottieView.swift */ = {isa = PBXFileReference; lastKnownFileType = sourcecode.swift; path = LottieView.swift; sourceTree = "<group>"; };
		56BDD1F629F5D335004FF71F /* ResultPopUpView.swift */ = {isa = PBXFileReference; lastKnownFileType = sourcecode.swift; path = ResultPopUpView.swift; sourceTree = "<group>"; };
		56BDD1F829F5D71C004FF71F /* stork_baby.json */ = {isa = PBXFileReference; fileEncoding = 4; lastKnownFileType = text.json; path = stork_baby.json; sourceTree = "<group>"; };
		56BDD1FA29F6AA3A004FF71F /* TabBarView.swift */ = {isa = PBXFileReference; lastKnownFileType = sourcecode.swift; path = TabBarView.swift; sourceTree = "<group>"; };
		56BDD1FD29F72E13004FF71F /* MainView.swift */ = {isa = PBXFileReference; lastKnownFileType = sourcecode.swift; path = MainView.swift; sourceTree = "<group>"; };
		56FAED0729E763E500022043 /* CegonhaAdiantada.app */ = {isa = PBXFileReference; explicitFileType = wrapper.application; includeInIndex = 0; path = CegonhaAdiantada.app; sourceTree = BUILT_PRODUCTS_DIR; };
		56FAED0A29E763E500022043 /* CegonhaAdiantadaApp.swift */ = {isa = PBXFileReference; lastKnownFileType = sourcecode.swift; path = CegonhaAdiantadaApp.swift; sourceTree = "<group>"; };
		56FAED0E29E763E600022043 /* Assets.xcassets */ = {isa = PBXFileReference; lastKnownFileType = folder.assetcatalog; path = Assets.xcassets; sourceTree = "<group>"; };
		56FAED1129E763E600022043 /* Preview Assets.xcassets */ = {isa = PBXFileReference; lastKnownFileType = folder.assetcatalog; path = "Preview Assets.xcassets"; sourceTree = "<group>"; };
		56FAED1329E763E600022043 /* Persistence.swift */ = {isa = PBXFileReference; lastKnownFileType = sourcecode.swift; path = Persistence.swift; sourceTree = "<group>"; };
		56FAED1629E763E600022043 /* CegonhaAdiantada.xcdatamodel */ = {isa = PBXFileReference; lastKnownFileType = wrapper.xcdatamodel; path = CegonhaAdiantada.xcdatamodel; sourceTree = "<group>"; };
		56FAED1829E763E600022043 /* Info.plist */ = {isa = PBXFileReference; lastKnownFileType = text.plist.xml; path = Info.plist; sourceTree = "<group>"; };
		56FAED1D29E763E600022043 /* CegonhaAdiantadaTests.xctest */ = {isa = PBXFileReference; explicitFileType = wrapper.cfbundle; includeInIndex = 0; path = CegonhaAdiantadaTests.xctest; sourceTree = BUILT_PRODUCTS_DIR; };
		56FAED2129E763E600022043 /* CegonhaAdiantadaTests.swift */ = {isa = PBXFileReference; lastKnownFileType = sourcecode.swift; path = CegonhaAdiantadaTests.swift; sourceTree = "<group>"; };
		56FAED2729E763E600022043 /* CegonhaAdiantadaUITests.xctest */ = {isa = PBXFileReference; explicitFileType = wrapper.cfbundle; includeInIndex = 0; path = CegonhaAdiantadaUITests.xctest; sourceTree = BUILT_PRODUCTS_DIR; };
		56FAED2B29E763E600022043 /* CegonhaAdiantadaUITests.swift */ = {isa = PBXFileReference; lastKnownFileType = sourcecode.swift; path = CegonhaAdiantadaUITests.swift; sourceTree = "<group>"; };
		56FAED2D29E763E600022043 /* CegonhaAdiantadaUITestsLaunchTests.swift */ = {isa = PBXFileReference; lastKnownFileType = sourcecode.swift; path = CegonhaAdiantadaUITestsLaunchTests.swift; sourceTree = "<group>"; };
		56FE443829EB4BAB007448B9 /* InfiniteLoop */ = {isa = PBXFileReference; lastKnownFileType = wrapper; path = InfiniteLoop; sourceTree = "<group>"; };
/* End PBXFileReference section */

/* Begin PBXFrameworksBuildPhase section */
		565E8AFA2A0FF401005904CD /* Frameworks */ = {
			isa = PBXFrameworksBuildPhase;
			buildActionMask = 2147483647;
			files = (
				565E8B012A0FF401005904CD /* SwiftUI.framework in Frameworks */,
				565E8B122A0FF435005904CD /* InfiniteLoop in Frameworks */,
				565E8AFF2A0FF401005904CD /* WidgetKit.framework in Frameworks */,
			);
			runOnlyForDeploymentPostprocessing = 0;
		};
		56FAED0429E763E500022043 /* Frameworks */ = {
			isa = PBXFrameworksBuildPhase;
			buildActionMask = 2147483647;
			files = (
				5615F89C2A197992004B30D8 /* GoogleMobileAds in Frameworks */,
				56BDD1F429F5D18C004FF71F /* PopupView in Frameworks */,
				56FE443B29EB4C20007448B9 /* InfiniteLoop in Frameworks */,
				56AA83E029EF4C540049ABB2 /* Lottie in Frameworks */,
			);
			runOnlyForDeploymentPostprocessing = 0;
		};
		56FAED1A29E763E600022043 /* Frameworks */ = {
			isa = PBXFrameworksBuildPhase;
			buildActionMask = 2147483647;
			files = (
			);
			runOnlyForDeploymentPostprocessing = 0;
		};
		56FAED2429E763E600022043 /* Frameworks */ = {
			isa = PBXFrameworksBuildPhase;
			buildActionMask = 2147483647;
			files = (
			);
			runOnlyForDeploymentPostprocessing = 0;
		};
/* End PBXFrameworksBuildPhase section */

/* Begin PBXGroup section */
		5608FC9F29FBFC6300A46B7A /* History */ = {
			isa = PBXGroup;
			children = (
				56605C9829FEE240003B1BC4 /* Components */,
				5608FCA029FBFC8900A46B7A /* HistoryDataPresenter.swift */,
				5608FCA129FBFC8900A46B7A /* HistoryDataDataStore.swift */,
				5608FCA229FBFC8900A46B7A /* HistoryDataInteractor.swift */,
				5608FCA329FBFC8900A46B7A /* HistoryDataView.swift */,
				5608FCA429FBFC8900A46B7A /* HistoryDataModel.swift */,
				5608FCA529FBFC8900A46B7A /* HistoryDataConfigurator.swift */,
			);
			path = History;
			sourceTree = "<group>";
		};
		561C56BE29E9FE6F00E84508 /* BirthCalculation */ = {
			isa = PBXGroup;
			children = (
				56BDD1F529F5D320004FF71F /* Components */,
				561C56CB29E9FEA200E84508 /* BirthCalculationPresenter.swift */,
				561C56CC29E9FEA200E84508 /* BirthCalculationDataStore.swift */,
				561C56CD29E9FEA200E84508 /* BirthCalculationInteractor.swift */,
				561C56CE29E9FEA200E84508 /* BirthCalculationView.swift */,
				561C56CF29E9FEA200E84508 /* BirthCalculationModel.swift */,
				561C56D029E9FEA200E84508 /* BirthCalculationConfigurator.swift */,
			);
			path = BirthCalculation;
			sourceTree = "<group>";
		};
		562FC40329EF52CD00D5C6E9 /* Colors */ = {
			isa = PBXGroup;
			children = (
				562FC40429EF52D800D5C6E9 /* Colors.swift */,
			);
			path = Colors;
			sourceTree = "<group>";
		};
		5652C29A2A0FF70C0013FFAF /* Models */ = {
			isa = PBXGroup;
			children = (
				5652C29B2A0FF70C0013FFAF /* Calculus.swift */,
			);
			path = Models;
			sourceTree = "<group>";
		};
		565E8B022A0FF401005904CD /* CegonhaAdiantadaWidget */ = {
			isa = PBXGroup;
			children = (
				565E8B072A0FF403005904CD /* Assets.xcassets */,
				565E8B152A0FF4E4005904CD /* CegonhaAdiantadaProvider.swift */,
				565E8B052A0FF401005904CD /* CegonhaAdiantadaWidget.swift */,
				565E8B032A0FF401005904CD /* CegonhaAdiantadaWidgetBundle.swift */,
				565E8B182A0FF5A0005904CD /* CegonhaAdiantadaWidgetEntryView.swift */,
				565E8B092A0FF403005904CD /* Info.plist */,
			);
			path = CegonhaAdiantadaWidget;
			sourceTree = "<group>";
		};
		56605C9829FEE240003B1BC4 /* Components */ = {
			isa = PBXGroup;
			children = (
				56605C9929FEE24D003B1BC4 /* CardView.swift */,
			);
			path = Components;
			sourceTree = "<group>";
		};
		56605CA12A012D94003B1BC4 /* Saves */ = {
			isa = PBXGroup;
			children = (
				56811B3A2A09727A006AD3D4 /* Components */,
				56605CA22A012DAD003B1BC4 /* SavesPresenter.swift */,
				56605CA32A012DAD003B1BC4 /* SavesDataStore.swift */,
				56605CA42A012DAD003B1BC4 /* SavesInteractor.swift */,
				56605CA52A012DAD003B1BC4 /* SavesView.swift */,
				56605CA62A012DAD003B1BC4 /* SavesModel.swift */,
				56605CA72A012DAD003B1BC4 /* SavesConfigurator.swift */,
			);
			path = Saves;
			sourceTree = "<group>";
		};
		56605CAE2A012DDD003B1BC4 /* Configuration */ = {
			isa = PBXGroup;
			children = (
				56605CAF2A012DED003B1BC4 /* ConfigurationPresenter.swift */,
				56605CB02A012DED003B1BC4 /* ConfigurationDataStore.swift */,
				56605CB12A012DED003B1BC4 /* ConfigurationInteractor.swift */,
				56605CB22A012DED003B1BC4 /* ConfigurationView.swift */,
				56605CB32A012DED003B1BC4 /* ConfigurationModel.swift */,
				56605CB42A012DED003B1BC4 /* ConfigurationConfigurator.swift */,
			);
			path = Configuration;
			sourceTree = "<group>";
		};
		566B53FE29E9EBB3005A787D /* Domain */ = {
			isa = PBXGroup;
			children = (
				56AA83E129EF4E200049ABB2 /* Common */,
				566B53FF29E9EBBA005A787D /* Scenes */,
			);
			path = Domain;
			sourceTree = "<group>";
		};
		566B53FF29E9EBBA005A787D /* Scenes */ = {
			isa = PBXGroup;
			children = (
				56605CAE2A012DDD003B1BC4 /* Configuration */,
				56605CA12A012D94003B1BC4 /* Saves */,
				561C56BE29E9FE6F00E84508 /* BirthCalculation */,
				5608FC9F29FBFC6300A46B7A /* History */,
				56BDD1FC29F72DF7004FF71F /* Main */,
			);
			path = Scenes;
			sourceTree = "<group>";
		};
		56811B362A093DC6006AD3D4 /* DataPersistence */ = {
			isa = PBXGroup;
			children = (
				56FAED1329E763E600022043 /* Persistence.swift */,
				56FAED1529E763E600022043 /* CegonhaAdiantada.xcdatamodeld */,
			);
			path = DataPersistence;
			sourceTree = "<group>";
		};
		56811B3A2A09727A006AD3D4 /* Components */ = {
			isa = PBXGroup;
			children = (
				56811B3B2A097290006AD3D4 /* SavePopUpView.swift */,
			);
			path = Components;
			sourceTree = "<group>";
		};
		56AA83E129EF4E200049ABB2 /* Common */ = {
			isa = PBXGroup;
			children = (
				5652C29A2A0FF70C0013FFAF /* Models */,
				56811B362A093DC6006AD3D4 /* DataPersistence */,
				56BDD1EB29F5CFE9004FF71F /* Components */,
				562FC40329EF52CD00D5C6E9 /* Colors */,
				56AA83E229EF4E280049ABB2 /* LottieFiles */,
			);
			path = Common;
			sourceTree = "<group>";
		};
		56AA83E229EF4E280049ABB2 /* LottieFiles */ = {
			isa = PBXGroup;
			children = (
				56605CBD2A01764F003B1BC4 /* caring_mom.json */,
				56605CBB2A013217003B1BC4 /* empty_view_quaternary.json */,
				56605C9D2A000C2E003B1BC4 /* empty_view_secondary.json */,
				5608FCAE29FC4E2900A46B7A /* baby_daddy.json */,
				56BDD1F829F5D71C004FF71F /* stork_baby.json */,
				562FC40A29F0164200D5C6E9 /* baby_mom.json */,
				56AA83E529EF4E4C0049ABB2 /* LottieFiles.swift */,
			);
			path = LottieFiles;
			sourceTree = "<group>";
		};
		56BDD1EB29F5CFE9004FF71F /* Components */ = {
			isa = PBXGroup;
			children = (
				56BDD1EC29F5CFE9004FF71F /* GradientTextFieldBackground.swift */,
				56BDD1EE29F5D021004FF71F /* PentagonShape.swift */,
				56BDD1F029F5D071004FF71F /* LottieView.swift */,
				56605C9B2A0003CB003B1BC4 /* ScrollWithBackgroundView.swift */,
				56605C9F2A000EFC003B1BC4 /* EmptyListView.swift */,
			);
			path = Components;
			sourceTree = "<group>";
		};
		56BDD1F529F5D320004FF71F /* Components */ = {
			isa = PBXGroup;
			children = (
				56BDD1F629F5D335004FF71F /* ResultPopUpView.swift */,
				56BDD1FA29F6AA3A004FF71F /* TabBarView.swift */,
			);
			path = Components;
			sourceTree = "<group>";
		};
		56BDD1FC29F72DF7004FF71F /* Main */ = {
			isa = PBXGroup;
			children = (
				56BDD1FD29F72E13004FF71F /* MainView.swift */,
			);
			path = Main;
			sourceTree = "<group>";
		};
		56FAECFE29E763E500022043 = {
			isa = PBXGroup;
			children = (
				565E8B142A0FF46D005904CD /* CegonhaAdiantadaWidgetExtension.entitlements */,
				56FAED0929E763E500022043 /* CegonhaAdiantada */,
				56FAED2029E763E600022043 /* CegonhaAdiantadaTests */,
				56FAED2A29E763E600022043 /* CegonhaAdiantadaUITests */,
				565E8B022A0FF401005904CD /* CegonhaAdiantadaWidget */,
				56FAED0829E763E500022043 /* Products */,
				56FE443929EB4C20007448B9 /* Frameworks */,
			);
			sourceTree = "<group>";
		};
		56FAED0829E763E500022043 /* Products */ = {
			isa = PBXGroup;
			children = (
				56FAED0729E763E500022043 /* CegonhaAdiantada.app */,
				56FAED1D29E763E600022043 /* CegonhaAdiantadaTests.xctest */,
				56FAED2729E763E600022043 /* CegonhaAdiantadaUITests.xctest */,
				565E8AFD2A0FF401005904CD /* CegonhaAdiantadaWidgetExtension.appex */,
			);
			name = Products;
			sourceTree = "<group>";
		};
		56FAED0929E763E500022043 /* CegonhaAdiantada */ = {
			isa = PBXGroup;
			children = (
				565E8B132A0FF44A005904CD /* CegonhaAdiantada.entitlements */,
				56FE443729EB4B6A007448B9 /* Frameworks */,
				566B53FE29E9EBB3005A787D /* Domain */,
				56FAED0A29E763E500022043 /* CegonhaAdiantadaApp.swift */,
				56FAED0E29E763E600022043 /* Assets.xcassets */,
				56FAED1829E763E600022043 /* Info.plist */,
				56FAED1029E763E600022043 /* Preview Content */,
			);
			path = CegonhaAdiantada;
			sourceTree = "<group>";
		};
		56FAED1029E763E600022043 /* Preview Content */ = {
			isa = PBXGroup;
			children = (
				56FAED1129E763E600022043 /* Preview Assets.xcassets */,
			);
			path = "Preview Content";
			sourceTree = "<group>";
		};
		56FAED2029E763E600022043 /* CegonhaAdiantadaTests */ = {
			isa = PBXGroup;
			children = (
				56FAED2129E763E600022043 /* CegonhaAdiantadaTests.swift */,
			);
			path = CegonhaAdiantadaTests;
			sourceTree = "<group>";
		};
		56FAED2A29E763E600022043 /* CegonhaAdiantadaUITests */ = {
			isa = PBXGroup;
			children = (
				56FAED2B29E763E600022043 /* CegonhaAdiantadaUITests.swift */,
				56FAED2D29E763E600022043 /* CegonhaAdiantadaUITestsLaunchTests.swift */,
			);
			path = CegonhaAdiantadaUITests;
			sourceTree = "<group>";
		};
		56FE443729EB4B6A007448B9 /* Frameworks */ = {
			isa = PBXGroup;
			children = (
				56FE443829EB4BAB007448B9 /* InfiniteLoop */,
			);
			path = Frameworks;
			sourceTree = "<group>";
		};
		56FE443929EB4C20007448B9 /* Frameworks */ = {
			isa = PBXGroup;
			children = (
				565E8AFE2A0FF401005904CD /* WidgetKit.framework */,
				565E8B002A0FF401005904CD /* SwiftUI.framework */,
			);
			name = Frameworks;
			sourceTree = "<group>";
		};
/* End PBXGroup section */

/* Begin PBXNativeTarget section */
		565E8AFC2A0FF401005904CD /* CegonhaAdiantadaWidgetExtension */ = {
			isa = PBXNativeTarget;
			buildConfigurationList = 565E8B102A0FF403005904CD /* Build configuration list for PBXNativeTarget "CegonhaAdiantadaWidgetExtension" */;
			buildPhases = (
				565E8AF92A0FF401005904CD /* Sources */,
				565E8AFA2A0FF401005904CD /* Frameworks */,
				565E8AFB2A0FF401005904CD /* Resources */,
			);
			buildRules = (
			);
			dependencies = (
			);
			name = CegonhaAdiantadaWidgetExtension;
			packageProductDependencies = (
				565E8B112A0FF435005904CD /* InfiniteLoop */,
			);
			productName = CegonhaAdiantadaWidgetExtension;
			productReference = 565E8AFD2A0FF401005904CD /* CegonhaAdiantadaWidgetExtension.appex */;
			productType = "com.apple.product-type.app-extension";
		};
		56FAED0629E763E500022043 /* CegonhaAdiantada */ = {
			isa = PBXNativeTarget;
			buildConfigurationList = 56FAED3129E763E600022043 /* Build configuration list for PBXNativeTarget "CegonhaAdiantada" */;
			buildPhases = (
				56FAED0329E763E500022043 /* Sources */,
				56FAED0429E763E500022043 /* Frameworks */,
				56FAED0529E763E500022043 /* Resources */,
				565E8B0D2A0FF403005904CD /* Embed Foundation Extensions */,
			);
			buildRules = (
			);
			dependencies = (
				565E8B0B2A0FF403005904CD /* PBXTargetDependency */,
			);
			name = CegonhaAdiantada;
			packageProductDependencies = (
				56FE443A29EB4C20007448B9 /* InfiniteLoop */,
				56AA83DF29EF4C540049ABB2 /* Lottie */,
				56BDD1F329F5D18C004FF71F /* PopupView */,
				5615F89B2A197992004B30D8 /* GoogleMobileAds */,
			);
			productName = CegonhaAdiantada;
			productReference = 56FAED0729E763E500022043 /* CegonhaAdiantada.app */;
			productType = "com.apple.product-type.application";
		};
		56FAED1C29E763E600022043 /* CegonhaAdiantadaTests */ = {
			isa = PBXNativeTarget;
			buildConfigurationList = 56FAED3429E763E600022043 /* Build configuration list for PBXNativeTarget "CegonhaAdiantadaTests" */;
			buildPhases = (
				56FAED1929E763E600022043 /* Sources */,
				56FAED1A29E763E600022043 /* Frameworks */,
				56FAED1B29E763E600022043 /* Resources */,
			);
			buildRules = (
			);
			dependencies = (
				56FAED1F29E763E600022043 /* PBXTargetDependency */,
			);
			name = CegonhaAdiantadaTests;
			productName = CegonhaAdiantadaTests;
			productReference = 56FAED1D29E763E600022043 /* CegonhaAdiantadaTests.xctest */;
			productType = "com.apple.product-type.bundle.unit-test";
		};
		56FAED2629E763E600022043 /* CegonhaAdiantadaUITests */ = {
			isa = PBXNativeTarget;
			buildConfigurationList = 56FAED3729E763E600022043 /* Build configuration list for PBXNativeTarget "CegonhaAdiantadaUITests" */;
			buildPhases = (
				56FAED2329E763E600022043 /* Sources */,
				56FAED2429E763E600022043 /* Frameworks */,
				56FAED2529E763E600022043 /* Resources */,
			);
			buildRules = (
			);
			dependencies = (
				56FAED2929E763E600022043 /* PBXTargetDependency */,
			);
			name = CegonhaAdiantadaUITests;
			productName = CegonhaAdiantadaUITests;
			productReference = 56FAED2729E763E600022043 /* CegonhaAdiantadaUITests.xctest */;
			productType = "com.apple.product-type.bundle.ui-testing";
		};
/* End PBXNativeTarget section */

/* Begin PBXProject section */
		56FAECFF29E763E500022043 /* Project object */ = {
			isa = PBXProject;
			attributes = {
				BuildIndependentTargetsInParallel = 1;
				LastSwiftUpdateCheck = 1430;
				LastUpgradeCheck = 1430;
				TargetAttributes = {
					565E8AFC2A0FF401005904CD = {
						CreatedOnToolsVersion = 14.3;
					};
					56FAED0629E763E500022043 = {
						CreatedOnToolsVersion = 14.3;
					};
					56FAED1C29E763E600022043 = {
						CreatedOnToolsVersion = 14.3;
						TestTargetID = 56FAED0629E763E500022043;
					};
					56FAED2629E763E600022043 = {
						CreatedOnToolsVersion = 14.3;
						TestTargetID = 56FAED0629E763E500022043;
					};
				};
			};
			buildConfigurationList = 56FAED0229E763E500022043 /* Build configuration list for PBXProject "CegonhaAdiantada" */;
			compatibilityVersion = "Xcode 14.0";
			developmentRegion = en;
			hasScannedForEncodings = 0;
			knownRegions = (
				en,
				Base,
			);
			mainGroup = 56FAECFE29E763E500022043;
			packageReferences = (
				56AA83DE29EF4C540049ABB2 /* XCRemoteSwiftPackageReference "lottie-ios" */,
				56BDD1F229F5D18C004FF71F /* XCRemoteSwiftPackageReference "PopupView" */,
				5615F89A2A197992004B30D8 /* XCRemoteSwiftPackageReference "swift-package-manager-google-mobile-ads" */,
			);
			productRefGroup = 56FAED0829E763E500022043 /* Products */;
			projectDirPath = "";
			projectRoot = "";
			targets = (
				56FAED0629E763E500022043 /* CegonhaAdiantada */,
				56FAED1C29E763E600022043 /* CegonhaAdiantadaTests */,
				56FAED2629E763E600022043 /* CegonhaAdiantadaUITests */,
				565E8AFC2A0FF401005904CD /* CegonhaAdiantadaWidgetExtension */,
			);
		};
/* End PBXProject section */

/* Begin PBXResourcesBuildPhase section */
		565E8AFB2A0FF401005904CD /* Resources */ = {
			isa = PBXResourcesBuildPhase;
			buildActionMask = 2147483647;
			files = (
				565E8B082A0FF403005904CD /* Assets.xcassets in Resources */,
			);
			runOnlyForDeploymentPostprocessing = 0;
		};
		56FAED0529E763E500022043 /* Resources */ = {
			isa = PBXResourcesBuildPhase;
			buildActionMask = 2147483647;
			files = (
				56605CBC2A013217003B1BC4 /* empty_view_quaternary.json in Resources */,
				56FAED1229E763E600022043 /* Preview Assets.xcassets in Resources */,
				56FAED0F29E763E600022043 /* Assets.xcassets in Resources */,
				562FC40B29F0164200D5C6E9 /* baby_mom.json in Resources */,
				56605CBE2A01764F003B1BC4 /* caring_mom.json in Resources */,
				5608FCAF29FC4E2A00A46B7A /* baby_daddy.json in Resources */,
				56BDD1F929F5D71C004FF71F /* stork_baby.json in Resources */,
				56605C9E2A000C2E003B1BC4 /* empty_view_secondary.json in Resources */,
			);
			runOnlyForDeploymentPostprocessing = 0;
		};
		56FAED1B29E763E600022043 /* Resources */ = {
			isa = PBXResourcesBuildPhase;
			buildActionMask = 2147483647;
			files = (
			);
			runOnlyForDeploymentPostprocessing = 0;
		};
		56FAED2529E763E600022043 /* Resources */ = {
			isa = PBXResourcesBuildPhase;
			buildActionMask = 2147483647;
			files = (
			);
			runOnlyForDeploymentPostprocessing = 0;
		};
/* End PBXResourcesBuildPhase section */

/* Begin PBXSourcesBuildPhase section */
		565E8AF92A0FF401005904CD /* Sources */ = {
			isa = PBXSourcesBuildPhase;
			buildActionMask = 2147483647;
			files = (
				565E8B042A0FF401005904CD /* CegonhaAdiantadaWidgetBundle.swift in Sources */,
				5652C29E2A0FF82B0013FFAF /* PentagonShape.swift in Sources */,
				565E8B1A2A0FF5A5005904CD /* CegonhaAdiantadaWidgetEntryView.swift in Sources */,
				5652C29F2A0FF8620013FFAF /* Colors.swift in Sources */,
				565E8B172A0FF56B005904CD /* CegonhaAdiantadaProvider.swift in Sources */,
				5652C29D2A0FF72C0013FFAF /* Calculus.swift in Sources */,
				5652C2A02A0FF9050013FFAF /* CardView.swift in Sources */,
				565E8B062A0FF401005904CD /* CegonhaAdiantadaWidget.swift in Sources */,
			);
			runOnlyForDeploymentPostprocessing = 0;
		};
		56FAED0329E763E500022043 /* Sources */ = {
			isa = PBXSourcesBuildPhase;
			buildActionMask = 2147483647;
			files = (
				56811B3C2A097290006AD3D4 /* SavePopUpView.swift in Sources */,
				56BDD1FB29F6AA3A004FF71F /* TabBarView.swift in Sources */,
				5608FCA629FBFC8900A46B7A /* HistoryDataPresenter.swift in Sources */,
				56BDD1FE29F72E13004FF71F /* MainView.swift in Sources */,
				561C56D529E9FEA200E84508 /* BirthCalculationModel.swift in Sources */,
				5608FCA729FBFC8900A46B7A /* HistoryDataDataStore.swift in Sources */,
				562FC40529EF52D800D5C6E9 /* Colors.swift in Sources */,
				56BDD1F129F5D071004FF71F /* LottieView.swift in Sources */,
				56605CB72A012DED003B1BC4 /* ConfigurationInteractor.swift in Sources */,
				56605CAB2A012DAD003B1BC4 /* SavesView.swift in Sources */,
				5608FCAB29FBFC8900A46B7A /* HistoryDataConfigurator.swift in Sources */,
				56605CAD2A012DAD003B1BC4 /* SavesConfigurator.swift in Sources */,
				561C56D429E9FEA200E84508 /* BirthCalculationView.swift in Sources */,
				5652C29C2A0FF70C0013FFAF /* Calculus.swift in Sources */,
				5608FCAA29FBFC8900A46B7A /* HistoryDataModel.swift in Sources */,
				56FAED1429E763E600022043 /* Persistence.swift in Sources */,
				56605CAC2A012DAD003B1BC4 /* SavesModel.swift in Sources */,
				56605CAA2A012DAD003B1BC4 /* SavesInteractor.swift in Sources */,
				561C56D129E9FEA200E84508 /* BirthCalculationPresenter.swift in Sources */,
				56BDD1EF29F5D021004FF71F /* PentagonShape.swift in Sources */,
				5608FCA929FBFC8900A46B7A /* HistoryDataView.swift in Sources */,
				56AA83E629EF4E4C0049ABB2 /* LottieFiles.swift in Sources */,
				56FAED1729E763E600022043 /* CegonhaAdiantada.xcdatamodeld in Sources */,
				56605CA02A000EFC003B1BC4 /* EmptyListView.swift in Sources */,
				561C56D229E9FEA200E84508 /* BirthCalculationDataStore.swift in Sources */,
				56605CA92A012DAD003B1BC4 /* SavesDataStore.swift in Sources */,
				56605C9C2A0003CB003B1BC4 /* ScrollWithBackgroundView.swift in Sources */,
				561C56D629E9FEA200E84508 /* BirthCalculationConfigurator.swift in Sources */,
				56605CA82A012DAD003B1BC4 /* SavesPresenter.swift in Sources */,
				56605CB52A012DED003B1BC4 /* ConfigurationPresenter.swift in Sources */,
				56605CBA2A012DED003B1BC4 /* ConfigurationConfigurator.swift in Sources */,
				56605CB92A012DED003B1BC4 /* ConfigurationModel.swift in Sources */,
				56605C9A29FEE24D003B1BC4 /* CardView.swift in Sources */,
				56605CB62A012DED003B1BC4 /* ConfigurationDataStore.swift in Sources */,
				561C56D329E9FEA200E84508 /* BirthCalculationInteractor.swift in Sources */,
				56FAED0B29E763E500022043 /* CegonhaAdiantadaApp.swift in Sources */,
				5608FCA829FBFC8900A46B7A /* HistoryDataInteractor.swift in Sources */,
				56605CB82A012DED003B1BC4 /* ConfigurationView.swift in Sources */,
				56BDD1F729F5D335004FF71F /* ResultPopUpView.swift in Sources */,
				56BDD1ED29F5CFE9004FF71F /* GradientTextFieldBackground.swift in Sources */,
			);
			runOnlyForDeploymentPostprocessing = 0;
		};
		56FAED1929E763E600022043 /* Sources */ = {
			isa = PBXSourcesBuildPhase;
			buildActionMask = 2147483647;
			files = (
				56FAED2229E763E600022043 /* CegonhaAdiantadaTests.swift in Sources */,
			);
			runOnlyForDeploymentPostprocessing = 0;
		};
		56FAED2329E763E600022043 /* Sources */ = {
			isa = PBXSourcesBuildPhase;
			buildActionMask = 2147483647;
			files = (
				56FAED2E29E763E600022043 /* CegonhaAdiantadaUITestsLaunchTests.swift in Sources */,
				56FAED2C29E763E600022043 /* CegonhaAdiantadaUITests.swift in Sources */,
			);
			runOnlyForDeploymentPostprocessing = 0;
		};
/* End PBXSourcesBuildPhase section */

/* Begin PBXTargetDependency section */
		565E8B0B2A0FF403005904CD /* PBXTargetDependency */ = {
			isa = PBXTargetDependency;
			target = 565E8AFC2A0FF401005904CD /* CegonhaAdiantadaWidgetExtension */;
			targetProxy = 565E8B0A2A0FF403005904CD /* PBXContainerItemProxy */;
		};
		56FAED1F29E763E600022043 /* PBXTargetDependency */ = {
			isa = PBXTargetDependency;
			target = 56FAED0629E763E500022043 /* CegonhaAdiantada */;
			targetProxy = 56FAED1E29E763E600022043 /* PBXContainerItemProxy */;
		};
		56FAED2929E763E600022043 /* PBXTargetDependency */ = {
			isa = PBXTargetDependency;
			target = 56FAED0629E763E500022043 /* CegonhaAdiantada */;
			targetProxy = 56FAED2829E763E600022043 /* PBXContainerItemProxy */;
		};
/* End PBXTargetDependency section */

/* Begin XCBuildConfiguration section */
		565E8B0E2A0FF403005904CD /* Debug */ = {
			isa = XCBuildConfiguration;
			buildSettings = {
				ASSETCATALOG_COMPILER_GLOBAL_ACCENT_COLOR_NAME = AccentColor;
				ASSETCATALOG_COMPILER_WIDGET_BACKGROUND_COLOR_NAME = WidgetBackground;
				CODE_SIGN_ENTITLEMENTS = CegonhaAdiantadaWidgetExtension.entitlements;
				CODE_SIGN_STYLE = Automatic;
				CURRENT_PROJECT_VERSION = 2;
				DEVELOPMENT_TEAM = H7EDV5524K;
				GENERATE_INFOPLIST_FILE = YES;
				INFOPLIST_FILE = CegonhaAdiantadaWidget/Info.plist;
				INFOPLIST_KEY_CFBundleDisplayName = CegonhaAdiantadaWidget;
				INFOPLIST_KEY_NSHumanReadableCopyright = "";
				LD_RUNPATH_SEARCH_PATHS = (
					"$(inherited)",
					"@executable_path/Frameworks",
					"@executable_path/../../Frameworks",
				);
				MARKETING_VERSION = 1.0;
				PRODUCT_BUNDLE_IDENTIFIER = com.givigir.CegonhaAdiantada.CegonhaAdiantadaWidget;
				PRODUCT_NAME = "$(TARGET_NAME)";
				SKIP_INSTALL = YES;
				SWIFT_EMIT_LOC_STRINGS = YES;
				SWIFT_VERSION = 5.0;
				TARGETED_DEVICE_FAMILY = 1;
			};
			name = Debug;
		};
		565E8B0F2A0FF403005904CD /* Release */ = {
			isa = XCBuildConfiguration;
			buildSettings = {
				ASSETCATALOG_COMPILER_GLOBAL_ACCENT_COLOR_NAME = AccentColor;
				ASSETCATALOG_COMPILER_WIDGET_BACKGROUND_COLOR_NAME = WidgetBackground;
				CODE_SIGN_ENTITLEMENTS = CegonhaAdiantadaWidgetExtension.entitlements;
				CODE_SIGN_STYLE = Automatic;
				CURRENT_PROJECT_VERSION = 2;
				DEVELOPMENT_TEAM = H7EDV5524K;
				GENERATE_INFOPLIST_FILE = YES;
				INFOPLIST_FILE = CegonhaAdiantadaWidget/Info.plist;
				INFOPLIST_KEY_CFBundleDisplayName = CegonhaAdiantadaWidget;
				INFOPLIST_KEY_NSHumanReadableCopyright = "";
				LD_RUNPATH_SEARCH_PATHS = (
					"$(inherited)",
					"@executable_path/Frameworks",
					"@executable_path/../../Frameworks",
				);
				MARKETING_VERSION = 1.0;
				PRODUCT_BUNDLE_IDENTIFIER = com.givigir.CegonhaAdiantada.CegonhaAdiantadaWidget;
				PRODUCT_NAME = "$(TARGET_NAME)";
				SKIP_INSTALL = YES;
				SWIFT_EMIT_LOC_STRINGS = YES;
				SWIFT_VERSION = 5.0;
				TARGETED_DEVICE_FAMILY = 1;
			};
			name = Release;
		};
		56FAED2F29E763E600022043 /* Debug */ = {
			isa = XCBuildConfiguration;
			buildSettings = {
				ALWAYS_SEARCH_USER_PATHS = NO;
				CLANG_ANALYZER_NONNULL = YES;
				CLANG_ANALYZER_NUMBER_OBJECT_CONVERSION = YES_AGGRESSIVE;
				CLANG_CXX_LANGUAGE_STANDARD = "gnu++20";
				CLANG_ENABLE_MODULES = YES;
				CLANG_ENABLE_OBJC_ARC = YES;
				CLANG_ENABLE_OBJC_WEAK = YES;
				CLANG_WARN_BLOCK_CAPTURE_AUTORELEASING = YES;
				CLANG_WARN_BOOL_CONVERSION = YES;
				CLANG_WARN_COMMA = YES;
				CLANG_WARN_CONSTANT_CONVERSION = YES;
				CLANG_WARN_DEPRECATED_OBJC_IMPLEMENTATIONS = YES;
				CLANG_WARN_DIRECT_OBJC_ISA_USAGE = YES_ERROR;
				CLANG_WARN_DOCUMENTATION_COMMENTS = YES;
				CLANG_WARN_EMPTY_BODY = YES;
				CLANG_WARN_ENUM_CONVERSION = YES;
				CLANG_WARN_INFINITE_RECURSION = YES;
				CLANG_WARN_INT_CONVERSION = YES;
				CLANG_WARN_NON_LITERAL_NULL_CONVERSION = YES;
				CLANG_WARN_OBJC_IMPLICIT_RETAIN_SELF = YES;
				CLANG_WARN_OBJC_LITERAL_CONVERSION = YES;
				CLANG_WARN_OBJC_ROOT_CLASS = YES_ERROR;
				CLANG_WARN_QUOTED_INCLUDE_IN_FRAMEWORK_HEADER = YES;
				CLANG_WARN_RANGE_LOOP_ANALYSIS = YES;
				CLANG_WARN_STRICT_PROTOTYPES = YES;
				CLANG_WARN_SUSPICIOUS_MOVE = YES;
				CLANG_WARN_UNGUARDED_AVAILABILITY = YES_AGGRESSIVE;
				CLANG_WARN_UNREACHABLE_CODE = YES;
				CLANG_WARN__DUPLICATE_METHOD_MATCH = YES;
				COPY_PHASE_STRIP = NO;
				DEBUG_INFORMATION_FORMAT = dwarf;
				ENABLE_STRICT_OBJC_MSGSEND = YES;
				ENABLE_TESTABILITY = YES;
				GCC_C_LANGUAGE_STANDARD = gnu11;
				GCC_DYNAMIC_NO_PIC = NO;
				GCC_NO_COMMON_BLOCKS = YES;
				GCC_OPTIMIZATION_LEVEL = 0;
				GCC_PREPROCESSOR_DEFINITIONS = (
					"DEBUG=1",
					"$(inherited)",
				);
				GCC_WARN_64_TO_32_BIT_CONVERSION = YES;
				GCC_WARN_ABOUT_RETURN_TYPE = YES_ERROR;
				GCC_WARN_UNDECLARED_SELECTOR = YES;
				GCC_WARN_UNINITIALIZED_AUTOS = YES_AGGRESSIVE;
				GCC_WARN_UNUSED_FUNCTION = YES;
				GCC_WARN_UNUSED_VARIABLE = YES;
				IPHONEOS_DEPLOYMENT_TARGET = 16.4;
				MTL_ENABLE_DEBUG_INFO = INCLUDE_SOURCE;
				MTL_FAST_MATH = YES;
				ONLY_ACTIVE_ARCH = YES;
				SDKROOT = iphoneos;
				SWIFT_ACTIVE_COMPILATION_CONDITIONS = DEBUG;
				SWIFT_OPTIMIZATION_LEVEL = "-Onone";
			};
			name = Debug;
		};
		56FAED3029E763E600022043 /* Release */ = {
			isa = XCBuildConfiguration;
			buildSettings = {
				ALWAYS_SEARCH_USER_PATHS = NO;
				CLANG_ANALYZER_NONNULL = YES;
				CLANG_ANALYZER_NUMBER_OBJECT_CONVERSION = YES_AGGRESSIVE;
				CLANG_CXX_LANGUAGE_STANDARD = "gnu++20";
				CLANG_ENABLE_MODULES = YES;
				CLANG_ENABLE_OBJC_ARC = YES;
				CLANG_ENABLE_OBJC_WEAK = YES;
				CLANG_WARN_BLOCK_CAPTURE_AUTORELEASING = YES;
				CLANG_WARN_BOOL_CONVERSION = YES;
				CLANG_WARN_COMMA = YES;
				CLANG_WARN_CONSTANT_CONVERSION = YES;
				CLANG_WARN_DEPRECATED_OBJC_IMPLEMENTATIONS = YES;
				CLANG_WARN_DIRECT_OBJC_ISA_USAGE = YES_ERROR;
				CLANG_WARN_DOCUMENTATION_COMMENTS = YES;
				CLANG_WARN_EMPTY_BODY = YES;
				CLANG_WARN_ENUM_CONVERSION = YES;
				CLANG_WARN_INFINITE_RECURSION = YES;
				CLANG_WARN_INT_CONVERSION = YES;
				CLANG_WARN_NON_LITERAL_NULL_CONVERSION = YES;
				CLANG_WARN_OBJC_IMPLICIT_RETAIN_SELF = YES;
				CLANG_WARN_OBJC_LITERAL_CONVERSION = YES;
				CLANG_WARN_OBJC_ROOT_CLASS = YES_ERROR;
				CLANG_WARN_QUOTED_INCLUDE_IN_FRAMEWORK_HEADER = YES;
				CLANG_WARN_RANGE_LOOP_ANALYSIS = YES;
				CLANG_WARN_STRICT_PROTOTYPES = YES;
				CLANG_WARN_SUSPICIOUS_MOVE = YES;
				CLANG_WARN_UNGUARDED_AVAILABILITY = YES_AGGRESSIVE;
				CLANG_WARN_UNREACHABLE_CODE = YES;
				CLANG_WARN__DUPLICATE_METHOD_MATCH = YES;
				COPY_PHASE_STRIP = NO;
				DEBUG_INFORMATION_FORMAT = "dwarf-with-dsym";
				ENABLE_NS_ASSERTIONS = NO;
				ENABLE_STRICT_OBJC_MSGSEND = YES;
				GCC_C_LANGUAGE_STANDARD = gnu11;
				GCC_NO_COMMON_BLOCKS = YES;
				GCC_WARN_64_TO_32_BIT_CONVERSION = YES;
				GCC_WARN_ABOUT_RETURN_TYPE = YES_ERROR;
				GCC_WARN_UNDECLARED_SELECTOR = YES;
				GCC_WARN_UNINITIALIZED_AUTOS = YES_AGGRESSIVE;
				GCC_WARN_UNUSED_FUNCTION = YES;
				GCC_WARN_UNUSED_VARIABLE = YES;
				IPHONEOS_DEPLOYMENT_TARGET = 16.4;
				MTL_ENABLE_DEBUG_INFO = NO;
				MTL_FAST_MATH = YES;
				SDKROOT = iphoneos;
				SWIFT_COMPILATION_MODE = wholemodule;
				SWIFT_OPTIMIZATION_LEVEL = "-O";
				VALIDATE_PRODUCT = YES;
			};
			name = Release;
		};
		56FAED3229E763E600022043 /* Debug */ = {
			isa = XCBuildConfiguration;
			buildSettings = {
				ALWAYS_EMBED_SWIFT_STANDARD_LIBRARIES = YES;
				ASSETCATALOG_COMPILER_APPICON_NAME = AppIcon;
				ASSETCATALOG_COMPILER_GLOBAL_ACCENT_COLOR_NAME = AccentColor;
				ASSETCATALOG_COMPILER_INCLUDE_ALL_APPICON_ASSETS = YES;
				CODE_SIGN_ENTITLEMENTS = CegonhaAdiantada/CegonhaAdiantada.entitlements;
				CODE_SIGN_STYLE = Automatic;
				CURRENT_PROJECT_VERSION = 2;
				DEVELOPMENT_ASSET_PATHS = "\"CegonhaAdiantada/Preview Content\"";
				DEVELOPMENT_TEAM = H7EDV5524K;
				ENABLE_PREVIEWS = YES;
				GENERATE_INFOPLIST_FILE = YES;
				INFOPLIST_KEY_CFBundleDisplayName = Cegonha;
				INFOPLIST_KEY_LSApplicationCategoryType = "public.app-category.productivity";
				INFOPLIST_KEY_UIApplicationSceneManifest_Generation = YES;
				INFOPLIST_KEY_UIApplicationSupportsIndirectInputEvents = YES;
				INFOPLIST_KEY_UILaunchScreen_Generation = YES;
				INFOPLIST_KEY_UILaunchStoryboardName = "";
				INFOPLIST_KEY_UIRequiresFullScreen = YES;
				INFOPLIST_KEY_UISupportedInterfaceOrientations = "UIInterfaceOrientationPortrait UIInterfaceOrientationPortraitUpsideDown";
				INFOPLIST_KEY_UIUserInterfaceStyle = Light;
				IPHONEOS_DEPLOYMENT_TARGET = 15.0;
				LD_RUNPATH_SEARCH_PATHS = (
					"$(inherited)",
					"@executable_path/Frameworks",
				);
				MARKETING_VERSION = 1.0;
				PRODUCT_BUNDLE_IDENTIFIER = com.givigir.CegonhaAdiantada;
				PRODUCT_NAME = "$(TARGET_NAME)";
				SUPPORTED_PLATFORMS = "iphoneos iphonesimulator";
				SUPPORTS_MACCATALYST = NO;
				SUPPORTS_MAC_DESIGNED_FOR_IPHONE_IPAD = NO;
				SWIFT_EMIT_LOC_STRINGS = YES;
				SWIFT_VERSION = 5.0;
				TARGETED_DEVICE_FAMILY = 1;
			};
			name = Debug;
		};
		56FAED3329E763E600022043 /* Release */ = {
			isa = XCBuildConfiguration;
			buildSettings = {
				ALWAYS_EMBED_SWIFT_STANDARD_LIBRARIES = YES;
				ASSETCATALOG_COMPILER_APPICON_NAME = AppIcon;
				ASSETCATALOG_COMPILER_GLOBAL_ACCENT_COLOR_NAME = AccentColor;
				ASSETCATALOG_COMPILER_INCLUDE_ALL_APPICON_ASSETS = YES;
				CODE_SIGN_ENTITLEMENTS = CegonhaAdiantada/CegonhaAdiantada.entitlements;
				CODE_SIGN_STYLE = Automatic;
				CURRENT_PROJECT_VERSION = 2;
				DEVELOPMENT_ASSET_PATHS = "\"CegonhaAdiantada/Preview Content\"";
				DEVELOPMENT_TEAM = H7EDV5524K;
				ENABLE_PREVIEWS = YES;
				GENERATE_INFOPLIST_FILE = YES;
				INFOPLIST_KEY_CFBundleDisplayName = Cegonha;
				INFOPLIST_KEY_LSApplicationCategoryType = "public.app-category.productivity";
				INFOPLIST_KEY_UIApplicationSceneManifest_Generation = YES;
				INFOPLIST_KEY_UIApplicationSupportsIndirectInputEvents = YES;
				INFOPLIST_KEY_UILaunchScreen_Generation = YES;
				INFOPLIST_KEY_UILaunchStoryboardName = "";
				INFOPLIST_KEY_UIRequiresFullScreen = YES;
				INFOPLIST_KEY_UISupportedInterfaceOrientations = "UIInterfaceOrientationPortrait UIInterfaceOrientationPortraitUpsideDown";
				INFOPLIST_KEY_UIUserInterfaceStyle = Light;
				IPHONEOS_DEPLOYMENT_TARGET = 15.0;
				LD_RUNPATH_SEARCH_PATHS = (
					"$(inherited)",
					"@executable_path/Frameworks",
				);
				MARKETING_VERSION = 1.0;
				PRODUCT_BUNDLE_IDENTIFIER = com.givigir.CegonhaAdiantada;
				PRODUCT_NAME = "$(TARGET_NAME)";
				SUPPORTED_PLATFORMS = "iphoneos iphonesimulator";
				SUPPORTS_MACCATALYST = NO;
				SUPPORTS_MAC_DESIGNED_FOR_IPHONE_IPAD = NO;
				SWIFT_EMIT_LOC_STRINGS = YES;
				SWIFT_VERSION = 5.0;
				TARGETED_DEVICE_FAMILY = 1;
			};
			name = Release;
		};
		56FAED3529E763E600022043 /* Debug */ = {
			isa = XCBuildConfiguration;
			buildSettings = {
				ALWAYS_EMBED_SWIFT_STANDARD_LIBRARIES = YES;
				BUNDLE_LOADER = "$(TEST_HOST)";
				CODE_SIGN_STYLE = Automatic;
				CURRENT_PROJECT_VERSION = 1;
				DEVELOPMENT_TEAM = H7EDV5524K;
				GENERATE_INFOPLIST_FILE = YES;
				IPHONEOS_DEPLOYMENT_TARGET = 16.4;
				MARKETING_VERSION = 1.0;
				PRODUCT_BUNDLE_IDENTIFIER = com.givigir.CegonhaAdiantadaTests;
				PRODUCT_NAME = "$(TARGET_NAME)";
				SWIFT_EMIT_LOC_STRINGS = NO;
				SWIFT_VERSION = 5.0;
				TARGETED_DEVICE_FAMILY = "1,2";
				TEST_HOST = "$(BUILT_PRODUCTS_DIR)/CegonhaAdiantada.app/$(BUNDLE_EXECUTABLE_FOLDER_PATH)/CegonhaAdiantada";
			};
			name = Debug;
		};
		56FAED3629E763E600022043 /* Release */ = {
			isa = XCBuildConfiguration;
			buildSettings = {
				ALWAYS_EMBED_SWIFT_STANDARD_LIBRARIES = YES;
				BUNDLE_LOADER = "$(TEST_HOST)";
				CODE_SIGN_STYLE = Automatic;
				CURRENT_PROJECT_VERSION = 1;
				DEVELOPMENT_TEAM = H7EDV5524K;
				GENERATE_INFOPLIST_FILE = YES;
				IPHONEOS_DEPLOYMENT_TARGET = 16.4;
				MARKETING_VERSION = 1.0;
				PRODUCT_BUNDLE_IDENTIFIER = com.givigir.CegonhaAdiantadaTests;
				PRODUCT_NAME = "$(TARGET_NAME)";
				SWIFT_EMIT_LOC_STRINGS = NO;
				SWIFT_VERSION = 5.0;
				TARGETED_DEVICE_FAMILY = "1,2";
				TEST_HOST = "$(BUILT_PRODUCTS_DIR)/CegonhaAdiantada.app/$(BUNDLE_EXECUTABLE_FOLDER_PATH)/CegonhaAdiantada";
			};
			name = Release;
		};
		56FAED3829E763E600022043 /* Debug */ = {
			isa = XCBuildConfiguration;
			buildSettings = {
				ALWAYS_EMBED_SWIFT_STANDARD_LIBRARIES = YES;
				CODE_SIGN_STYLE = Automatic;
				CURRENT_PROJECT_VERSION = 1;
				DEVELOPMENT_TEAM = H7EDV5524K;
				GENERATE_INFOPLIST_FILE = YES;
				MARKETING_VERSION = 1.0;
				PRODUCT_BUNDLE_IDENTIFIER = com.givigir.CegonhaAdiantadaUITests;
				PRODUCT_NAME = "$(TARGET_NAME)";
				SWIFT_EMIT_LOC_STRINGS = NO;
				SWIFT_VERSION = 5.0;
				TARGETED_DEVICE_FAMILY = "1,2";
				TEST_TARGET_NAME = CegonhaAdiantada;
			};
			name = Debug;
		};
		56FAED3929E763E600022043 /* Release */ = {
			isa = XCBuildConfiguration;
			buildSettings = {
				ALWAYS_EMBED_SWIFT_STANDARD_LIBRARIES = YES;
				CODE_SIGN_STYLE = Automatic;
				CURRENT_PROJECT_VERSION = 1;
				DEVELOPMENT_TEAM = H7EDV5524K;
				GENERATE_INFOPLIST_FILE = YES;
				MARKETING_VERSION = 1.0;
				PRODUCT_BUNDLE_IDENTIFIER = com.givigir.CegonhaAdiantadaUITests;
				PRODUCT_NAME = "$(TARGET_NAME)";
				SWIFT_EMIT_LOC_STRINGS = NO;
				SWIFT_VERSION = 5.0;
				TARGETED_DEVICE_FAMILY = "1,2";
				TEST_TARGET_NAME = CegonhaAdiantada;
			};
			name = Release;
		};
/* End XCBuildConfiguration section */

/* Begin XCConfigurationList section */
		565E8B102A0FF403005904CD /* Build configuration list for PBXNativeTarget "CegonhaAdiantadaWidgetExtension" */ = {
			isa = XCConfigurationList;
			buildConfigurations = (
				565E8B0E2A0FF403005904CD /* Debug */,
				565E8B0F2A0FF403005904CD /* Release */,
			);
			defaultConfigurationIsVisible = 0;
			defaultConfigurationName = Release;
		};
		56FAED0229E763E500022043 /* Build configuration list for PBXProject "CegonhaAdiantada" */ = {
			isa = XCConfigurationList;
			buildConfigurations = (
				56FAED2F29E763E600022043 /* Debug */,
				56FAED3029E763E600022043 /* Release */,
			);
			defaultConfigurationIsVisible = 0;
			defaultConfigurationName = Release;
		};
		56FAED3129E763E600022043 /* Build configuration list for PBXNativeTarget "CegonhaAdiantada" */ = {
			isa = XCConfigurationList;
			buildConfigurations = (
				56FAED3229E763E600022043 /* Debug */,
				56FAED3329E763E600022043 /* Release */,
			);
			defaultConfigurationIsVisible = 0;
			defaultConfigurationName = Release;
		};
		56FAED3429E763E600022043 /* Build configuration list for PBXNativeTarget "CegonhaAdiantadaTests" */ = {
			isa = XCConfigurationList;
			buildConfigurations = (
				56FAED3529E763E600022043 /* Debug */,
				56FAED3629E763E600022043 /* Release */,
			);
			defaultConfigurationIsVisible = 0;
			defaultConfigurationName = Release;
		};
		56FAED3729E763E600022043 /* Build configuration list for PBXNativeTarget "CegonhaAdiantadaUITests" */ = {
			isa = XCConfigurationList;
			buildConfigurations = (
				56FAED3829E763E600022043 /* Debug */,
				56FAED3929E763E600022043 /* Release */,
			);
			defaultConfigurationIsVisible = 0;
			defaultConfigurationName = Release;
		};
/* End XCConfigurationList section */

/* Begin XCRemoteSwiftPackageReference section */
		5615F89A2A197992004B30D8 /* XCRemoteSwiftPackageReference "swift-package-manager-google-mobile-ads" */ = {
			isa = XCRemoteSwiftPackageReference;
			repositoryURL = "https://github.com/googleads/swift-package-manager-google-mobile-ads.git";
			requirement = {
				kind = upToNextMajorVersion;
				minimumVersion = 10.0.0;
			};
		};
		56AA83DE29EF4C540049ABB2 /* XCRemoteSwiftPackageReference "lottie-ios" */ = {
			isa = XCRemoteSwiftPackageReference;
			repositoryURL = "https://github.com/airbnb/lottie-ios.git";
			requirement = {
				kind = upToNextMajorVersion;
				minimumVersion = 4.0.0;
			};
		};
		56BDD1F229F5D18C004FF71F /* XCRemoteSwiftPackageReference "PopupView" */ = {
			isa = XCRemoteSwiftPackageReference;
			repositoryURL = "https://github.com/exyte/PopupView.git";
			requirement = {
				kind = upToNextMajorVersion;
				minimumVersion = 2.0.0;
			};
		};
/* End XCRemoteSwiftPackageReference section */

/* Begin XCSwiftPackageProductDependency section */
		5615F89B2A197992004B30D8 /* GoogleMobileAds */ = {
			isa = XCSwiftPackageProductDependency;
			package = 5615F89A2A197992004B30D8 /* XCRemoteSwiftPackageReference "swift-package-manager-google-mobile-ads" */;
			productName = GoogleMobileAds;
		};
		565E8B112A0FF435005904CD /* InfiniteLoop */ = {
			isa = XCSwiftPackageProductDependency;
			productName = InfiniteLoop;
		};
		56AA83DF29EF4C540049ABB2 /* Lottie */ = {
			isa = XCSwiftPackageProductDependency;
			package = 56AA83DE29EF4C540049ABB2 /* XCRemoteSwiftPackageReference "lottie-ios" */;
			productName = Lottie;
		};
		56BDD1F329F5D18C004FF71F /* PopupView */ = {
			isa = XCSwiftPackageProductDependency;
			package = 56BDD1F229F5D18C004FF71F /* XCRemoteSwiftPackageReference "PopupView" */;
			productName = PopupView;
		};
		56FE443A29EB4C20007448B9 /* InfiniteLoop */ = {
			isa = XCSwiftPackageProductDependency;
			productName = InfiniteLoop;
		};
/* End XCSwiftPackageProductDependency section */

/* Begin XCVersionGroup section */
		56FAED1529E763E600022043 /* CegonhaAdiantada.xcdatamodeld */ = {
			isa = XCVersionGroup;
			children = (
				56FAED1629E763E600022043 /* CegonhaAdiantada.xcdatamodel */,
			);
			currentVersion = 56FAED1629E763E600022043 /* CegonhaAdiantada.xcdatamodel */;
			path = CegonhaAdiantada.xcdatamodeld;
			sourceTree = "<group>";
			versionGroupType = wrapper.xcdatamodel;
		};
/* End XCVersionGroup section */
	};
	rootObject = 56FAECFF29E763E500022043 /* Project object */;
}
